
Microsoft Visual Studio Solution File, Format Version 12.00
# Visual Studio Version 17
VisualStudioVersion = 17.0.32002.185
MinimumVisualStudioVersion = 10.0.40219.1
Project("{9A19103F-16F7-4668-BE54-9A1E7A4F7556}") = "Strategy", "Strategy\Strategy.csproj", "{13AE6409-DB1E-4A8B-A81A-9EC0AF1EE3AB}"
EndProject
Project("{9A19103F-16F7-4668-BE54-9A1E7A4F7556}") = "Observer", "Observer\Observer.csproj", "{56661136-BAAE-4FFE-A98E-8691E51E4352}"
EndProject
Project("{9A19103F-16F7-4668-BE54-9A1E7A4F7556}") = "ChainOfResponsibility", "ChainOfResponsibility\ChainOfResponsibility.csproj", "{D76B5434-E362-4443-B371-FFD2764AD366}"
EndProject
Project("{9A19103F-16F7-4668-BE54-9A1E7A4F7556}") = "Mediator", "Mediator\Mediator.csproj", "{692EBBF4-9716-4552-B250-1BBE5B3AA127}"
EndProject
Project("{FAE04EC0-301F-11D3-BF4B-00C04F79EFBC}") = "Iterator", "Iterator\Iterator.csproj", "{CE162583-8B7B-48A3-9E98-A8213D701BDA}"
EndProject
Project("{FAE04EC0-301F-11D3-BF4B-00C04F79EFBC}") = "TemplateMethod", "TemplateMethod\TemplateMethod.csproj", "{6BD14280-CD2D-476C-A3A4-7CF730E90667}"
EndProject
Project("{FAE04EC0-301F-11D3-BF4B-00C04F79EFBC}") = "Memento", "Memento\Memento.csproj", "{56EFCE1D-1DD2-4747-8FD9-BF9723420E80}"
EndProject
Project("{FAE04EC0-301F-11D3-BF4B-00C04F79EFBC}") = "State", "State\State.csproj", "{04C6C8C0-5512-45BE-9D3F-1D27F96B1AA3}"
EndProject
Global
	GlobalSection(SolutionConfigurationPlatforms) = preSolution
		Debug|Any CPU = Debug|Any CPU
		Release|Any CPU = Release|Any CPU
	EndGlobalSection
	GlobalSection(ProjectConfigurationPlatforms) = postSolution
		{13AE6409-DB1E-4A8B-A81A-9EC0AF1EE3AB}.Debug|Any CPU.ActiveCfg = Debug|Any CPU
		{13AE6409-DB1E-4A8B-A81A-9EC0AF1EE3AB}.Debug|Any CPU.Build.0 = Debug|Any CPU
		{13AE6409-DB1E-4A8B-A81A-9EC0AF1EE3AB}.Release|Any CPU.ActiveCfg = Release|Any CPU
		{13AE6409-DB1E-4A8B-A81A-9EC0AF1EE3AB}.Release|Any CPU.Build.0 = Release|Any CPU
		{56661136-BAAE-4FFE-A98E-8691E51E4352}.Debug|Any CPU.ActiveCfg = Debug|Any CPU
		{56661136-BAAE-4FFE-A98E-8691E51E4352}.Debug|Any CPU.Build.0 = Debug|Any CPU
		{56661136-BAAE-4FFE-A98E-8691E51E4352}.Release|Any CPU.ActiveCfg = Release|Any CPU
		{56661136-BAAE-4FFE-A98E-8691E51E4352}.Release|Any CPU.Build.0 = Release|Any CPU
		{D76B5434-E362-4443-B371-FFD2764AD366}.Debug|Any CPU.ActiveCfg = Debug|Any CPU
		{D76B5434-E362-4443-B371-FFD2764AD366}.Debug|Any CPU.Build.0 = Debug|Any CPU
		{D76B5434-E362-4443-B371-FFD2764AD366}.Release|Any CPU.ActiveCfg = Release|Any CPU
		{D76B5434-E362-4443-B371-FFD2764AD366}.Release|Any CPU.Build.0 = Release|Any CPU
		{692EBBF4-9716-4552-B250-1BBE5B3AA127}.Debug|Any CPU.ActiveCfg = Debug|Any CPU
		{692EBBF4-9716-4552-B250-1BBE5B3AA127}.Debug|Any CPU.Build.0 = Debug|Any CPU
		{692EBBF4-9716-4552-B250-1BBE5B3AA127}.Release|Any CPU.ActiveCfg = Release|Any CPU
		{692EBBF4-9716-4552-B250-1BBE5B3AA127}.Release|Any CPU.Build.0 = Release|Any CPU
		{CE162583-8B7B-48A3-9E98-A8213D701BDA}.Debug|Any CPU.ActiveCfg = Debug|Any CPU
		{CE162583-8B7B-48A3-9E98-A8213D701BDA}.Debug|Any CPU.Build.0 = Debug|Any CPU
		{CE162583-8B7B-48A3-9E98-A8213D701BDA}.Release|Any CPU.ActiveCfg = Release|Any CPU
		{CE162583-8B7B-48A3-9E98-A8213D701BDA}.Release|Any CPU.Build.0 = Release|Any CPU
		{6BD14280-CD2D-476C-A3A4-7CF730E90667}.Debug|Any CPU.ActiveCfg = Debug|Any CPU
		{6BD14280-CD2D-476C-A3A4-7CF730E90667}.Debug|Any CPU.Build.0 = Debug|Any CPU
		{6BD14280-CD2D-476C-A3A4-7CF730E90667}.Release|Any CPU.ActiveCfg = Release|Any CPU
		{6BD14280-CD2D-476C-A3A4-7CF730E90667}.Release|Any CPU.Build.0 = Release|Any CPU
		{56EFCE1D-1DD2-4747-8FD9-BF9723420E80}.Debug|Any CPU.ActiveCfg = Debug|Any CPU
		{56EFCE1D-1DD2-4747-8FD9-BF9723420E80}.Debug|Any CPU.Build.0 = Debug|Any CPU
		{56EFCE1D-1DD2-4747-8FD9-BF9723420E80}.Release|Any CPU.ActiveCfg = Release|Any CPU
		{56EFCE1D-1DD2-4747-8FD9-BF9723420E80}.Release|Any CPU.Build.0 = Release|Any CPU
		{04C6C8C0-5512-45BE-9D3F-1D27F96B1AA3}.Debug|Any CPU.ActiveCfg = Debug|Any CPU
		{04C6C8C0-5512-45BE-9D3F-1D27F96B1AA3}.Debug|Any CPU.Build.0 = Debug|Any CPU
		{04C6C8C0-5512-45BE-9D3F-1D27F96B1AA3}.Release|Any CPU.ActiveCfg = Release|Any CPU
		{04C6C8C0-5512-45BE-9D3F-1D27F96B1AA3}.Release|Any CPU.Build.0 = Release|Any CPU
	EndGlobalSection
	GlobalSection(SolutionProperties) = preSolution
		HideSolutionNode = FALSE
	EndGlobalSection
	GlobalSection(ExtensibilityGlobals) = postSolution
		SolutionGuid = {C7186B46-18C1-4B9D-8C58-72489320A25D}
	EndGlobalSection
EndGlobal
